# Generated by buf. DO NOT EDIT.
version: v2
deps:
  - name: buf.build/bufbuild/protovalidate
    commit: 50325440f8f24053b047484a6bf60b76
    digest: b5:74cb6f5c0853c3c10aafc701614194bbd63326bdb8ef4068214454b8894b03ba4113e04b3a33a8321cdf05336e37db4dc14a5e2495db8462566914f36086ba31
  - name: buf.build/sepp-org/sepp-proto
    commit: e32ddaff9cd549289168bb2af150d62f
    digest: b5:da274244ceea45910bff20d5aeb992ca06c698b6d8645622f1286c2896ff85f6d90666b0364814e079af0e79374ef9be52ef2179f9b1d77959324a0490527b04
